
Microsoft Visual Studio Solution File, Format Version 12.00
# Visual Studio Version 17
VisualStudioVersion = 17.11.35222.181
MinimumVisualStudioVersion = 10.0.40219.1
Project("{2150E333-8FDC-42A3-9474-1A3956D46DE8}") = "src", "src", "{4E8A997B-5E3F-4B48-A3EF-80B78E2F71D3}"
EndProject
Project("{2150E333-8FDC-42A3-9474-1A3956D46DE8}") = "tests", "tests", "{A6F374E7-3BA1-4073-A69F-690CEBE75F70}"
EndProject
Project("{2150E333-8FDC-42A3-9474-1A3956D46DE8}") = "tools", "tools", "{79610292-1F7B-479C-A1E2-9BE202CF0853}"
EndProject
Project("{9A19103F-16F7-4668-BE54-F2725DDE1E0B}") = "ClubShell.Contracts", "src\ClubShell.Contracts\ClubShell.Contracts.csproj", "{72C09D8E-6A0E-4C0B-AE90-5516AEBEE5E8}"
EndProject
Project("{9A19103F-16F7-4668-BE54-F2725DDE1E0B}") = "ClubShell.Core", "src\ClubShell.Core\ClubShell.Core.csproj", "{BB67C343-3FB5-4367-9452-9C5C94C8E50B}"
EndProject
Project("{9A19103F-16F7-4668-BE54-F2725DDE1E0B}") = "ClubShell.Windows", "src\ClubShell.Windows\ClubShell.Windows.csproj", "{F9B56E2D-63C1-4205-B00C-85D75765DB1E}"
EndProject
Project("{9A19103F-16F7-4668-BE54-F2725DDE1E0B}") = "ClubShell.Agent", "src\ClubShell.Agent\ClubShell.Agent.csproj", "{00528EA8-C778-45B1-8374-3267C4FDCFC7}"
EndProject
Project("{9A19103F-16F7-4668-BE54-F2725DDE1E0B}") = "ClubShell.Contracts.Tests", "tests\ClubShell.Contracts.Tests\ClubShell.Contracts.Tests.csproj", "{09616C8C-FDA1-41C0-9B31-37A39B40FDD0}"
EndProject
Project("{9A19103F-16F7-4668-BE54-F2725DDE1E0B}") = "ClubShell.Core.Tests", "tests\ClubShell.Core.Tests\ClubShell.Core.Tests.csproj", "{CFBEBDBC-4277-4D3A-AB87-62C7458189A9}"
EndProject
Project("{9A19103F-16F7-4668-BE54-F2725DDE1E0B}") = "ClubShell.Windows.Tests", "tests\ClubShell.Windows.Tests\ClubShell.Windows.Tests.csproj", "{E6FBFD7E-F662-4D86-A12B-8BF1315E907B}"
EndProject
Project("{9A19103F-16F7-4668-BE54-F2725DDE1E0B}") = "ClubShell.Agent.Tests", "tests\ClubShell.Agent.Tests\ClubShell.Agent.Tests.csproj", "{E7EF1E9F-F4B1-45C8-A29E-39FB18A0D1FB}"
EndProject
Project("{9A19103F-16F7-4668-BE54-F2725DDE1E0B}") = "ContractsGen", "tools\ContractsGen\ContractsGen.csproj", "{8AF8662B-30F5-4AD9-A8BC-97E25FA77D50}"
EndProject
Global
	GlobalSection(SolutionConfigurationPlatforms) = preSolution
		Debug|Any CPU = Debug|Any CPU
		Debug|x64 = Debug|x64
		Release|Any CPU = Release|Any CPU
		Release|x64 = Release|x64
	EndGlobalSection
	GlobalSection(ProjectConfigurationPlatforms) = postSolution
		{72C09D8E-6A0E-4C0B-AE90-5516AEBEE5E8}.Debug|Any CPU.ActiveCfg = Debug|Any CPU
		{72C09D8E-6A0E-4C0B-AE90-5516AEBEE5E8}.Debug|Any CPU.Build.0 = Debug|Any CPU
		{72C09D8E-6A0E-4C0B-AE90-5516AEBEE5E8}.Debug|x64.ActiveCfg = Debug|x64
		{72C09D8E-6A0E-4C0B-AE90-5516AEBEE5E8}.Debug|x64.Build.0 = Debug|x64
		{72C09D8E-6A0E-4C0B-AE90-5516AEBEE5E8}.Release|Any CPU.ActiveCfg = Release|Any CPU
		{72C09D8E-6A0E-4C0B-AE90-5516AEBEE5E8}.Release|Any CPU.Build.0 = Release|Any CPU
		{72C09D8E-6A0E-4C0B-AE90-5516AEBEE5E8}.Release|x64.ActiveCfg = Release|x64
		{72C09D8E-6A0E-4C0B-AE90-5516AEBEE5E8}.Release|x64.Build.0 = Release|x64
		{BB67C343-3FB5-4367-9452-9C5C94C8E50B}.Debug|Any CPU.ActiveCfg = Debug|Any CPU
		{BB67C343-3FB5-4367-9452-9C5C94C8E50B}.Debug|Any CPU.Build.0 = Debug|Any CPU
		{BB67C343-3FB5-4367-9452-9C5C94C8E50B}.Debug|x64.ActiveCfg = Debug|x64
		{BB67C343-3FB5-4367-9452-9C5C94C8E50B}.Debug|x64.Build.0 = Debug|x64
		{BB67C343-3FB5-4367-9452-9C5C94C8E50B}.Release|Any CPU.ActiveCfg = Release|Any CPU
		{BB67C343-3FB5-4367-9452-9C5C94C8E50B}.Release|Any CPU.Build.0 = Release|Any CPU
		{BB67C343-3FB5-4367-9452-9C5C94C8E50B}.Release|x64.ActiveCfg = Release|x64
		{BB67C343-3FB5-4367-9452-9C5C94C8E50B}.Release|x64.Build.0 = Release|x64
		{F9B56E2D-63C1-4205-B00C-85D75765DB1E}.Debug|Any CPU.ActiveCfg = Debug|Any CPU
		{F9B56E2D-63C1-4205-B00C-85D75765DB1E}.Debug|Any CPU.Build.0 = Debug|Any CPU
		{F9B56E2D-63C1-4205-B00C-85D75765DB1E}.Debug|x64.ActiveCfg = Debug|x64
		{F9B56E2D-63C1-4205-B00C-85D75765DB1E}.Debug|x64.Build.0 = Debug|x64
		{F9B56E2D-63C1-4205-B00C-85D75765DB1E}.Release|Any CPU.ActiveCfg = Release|Any CPU
		{F9B56E2D-63C1-4205-B00C-85D75765DB1E}.Release|Any CPU.Build.0 = Release|Any CPU
		{F9B56E2D-63C1-4205-B00C-85D75765DB1E}.Release|x64.ActiveCfg = Release|x64
		{F9B56E2D-63C1-4205-B00C-85D75765DB1E}.Release|x64.Build.0 = Release|x64
		{00528EA8-C778-45B1-8374-3267C4FDCFC7}.Debug|Any CPU.ActiveCfg = Debug|Any CPU
		{00528EA8-C778-45B1-8374-3267C4FDCFC7}.Debug|Any CPU.Build.0 = Debug|Any CPU
		{00528EA8-C778-45B1-8374-3267C4FDCFC7}.Debug|x64.ActiveCfg = Debug|x64
		{00528EA8-C778-45B1-8374-3267C4FDCFC7}.Debug|x64.Build.0 = Debug|x64
		{00528EA8-C778-45B1-8374-3267C4FDCFC7}.Release|Any CPU.ActiveCfg = Release|Any CPU
		{00528EA8-C778-45B1-8374-3267C4FDCFC7}.Release|Any CPU.Build.0 = Release|Any CPU
		{00528EA8-C778-45B1-8374-3267C4FDCFC7}.Release|x64.ActiveCfg = Release|x64
		{00528EA8-C778-45B1-8374-3267C4FDCFC7}.Release|x64.Build.0 = Release|x64
		{09616C8C-FDA1-41C0-9B31-37A39B40FDD0}.Debug|Any CPU.ActiveCfg = Debug|Any CPU
		{09616C8C-FDA1-41C0-9B31-37A39B40FDD0}.Debug|Any CPU.Build.0 = Debug|Any CPU
		{09616C8C-FDA1-41C0-9B31-37A39B40FDD0}.Debug|x64.ActiveCfg = Debug|x64
		{09616C8C-FDA1-41C0-9B31-37A39B40FDD0}.Debug|x64.Build.0 = Debug|x64
		{09616C8C-FDA1-41C0-9B31-37A39B40FDD0}.Release|Any CPU.ActiveCfg = Release|Any CPU
		{09616C8C-FDA1-41C0-9B31-37A39B40FDD0}.Release|Any CPU.Build.0 = Release|Any CPU
		{09616C8C-FDA1-41C0-9B31-37A39B40FDD0}.Release|x64.ActiveCfg = Release|x64
		{09616C8C-FDA1-41C0-9B31-37A39B40FDD0}.Release|x64.Build.0 = Release|x64
		{CFBEBDBC-4277-4D3A-AB87-62C7458189A9}.Debug|Any CPU.ActiveCfg = Debug|Any CPU
		{CFBEBDBC-4277-4D3A-AB87-62C7458189A9}.Debug|Any CPU.Build.0 = Debug|Any CPU
		{CFBEBDBC-4277-4D3A-AB87-62C7458189A9}.Debug|x64.ActiveCfg = Debug|x64
		{CFBEBDBC-4277-4D3A-AB87-62C7458189A9}.Debug|x64.Build.0 = Debug|x64
		{CFBEBDBC-4277-4D3A-AB87-62C7458189A9}.Release|Any CPU.ActiveCfg = Release|Any CPU
		{CFBEBDBC-4277-4D3A-AB87-62C7458189A9}.Release|Any CPU.Build.0 = Release|Any CPU
		{CFBEBDBC-4277-4D3A-AB87-62C7458189A9}.Release|x64.ActiveCfg = Release|x64
		{CFBEBDBC-4277-4D3A-AB87-62C7458189A9}.Release|x64.Build.0 = Release|x64
		{E6FBFD7E-F662-4D86-A12B-8BF1315E907B}.Debug|Any CPU.ActiveCfg = Debug|Any CPU
		{E6FBFD7E-F662-4D86-A12B-8BF1315E907B}.Debug|Any CPU.Build.0 = Debug|Any CPU
		{E6FBFD7E-F662-4D86-A12B-8BF1315E907B}.Debug|x64.ActiveCfg = Debug|x64
		{E6FBFD7E-F662-4D86-A12B-8BF1315E907B}.Debug|x64.Build.0 = Debug|x64
		{E6FBFD7E-F662-4D86-A12B-8BF1315E907B}.Release|Any CPU.ActiveCfg = Release|Any CPU
		{E6FBFD7E-F662-4D86-A12B-8BF1315E907B}.Release|Any CPU.Build.0 = Release|Any CPU
		{E6FBFD7E-F662-4D86-A12B-8BF1315E907B}.Release|x64.ActiveCfg = Release|x64
		{E6FBFD7E-F662-4D86-A12B-8BF1315E907B}.Release|x64.Build.0 = Release|x64
		{E7EF1E9F-F4B1-45C8-A29E-39FB18A0D1FB}.Debug|Any CPU.ActiveCfg = Debug|Any CPU
		{E7EF1E9F-F4B1-45C8-A29E-39FB18A0D1FB}.Debug|Any CPU.Build.0 = Debug|Any CPU
		{E7EF1E9F-F4B1-45C8-A29E-39FB18A0D1FB}.Debug|x64.ActiveCfg = Debug|x64
		{E7EF1E9F-F4B1-45C8-A29E-39FB18A0D1FB}.Debug|x64.Build.0 = Debug|x64
		{E7EF1E9F-F4B1-45C8-A29E-39FB18A0D1FB}.Release|Any CPU.ActiveCfg = Release|Any CPU
		{E7EF1E9F-F4B1-45C8-A29E-39FB18A0D1FB}.Release|Any CPU.Build.0 = Release|Any CPU
		{E7EF1E9F-F4B1-45C8-A29E-39FB18A0D1FB}.Release|x64.ActiveCfg = Release|x64
		{E7EF1E9F-F4B1-45C8-A29E-39FB18A0D1FB}.Release|x64.Build.0 = Release|x64
		{8AF8662B-30F5-4AD9-A8BC-97E25FA77D50}.Debug|Any CPU.ActiveCfg = Debug|Any CPU
		{8AF8662B-30F5-4AD9-A8BC-97E25FA77D50}.Debug|Any CPU.Build.0 = Debug|Any CPU
		{8AF8662B-30F5-4AD9-A8BC-97E25FA77D50}.Debug|x64.ActiveCfg = Debug|x64
		{8AF8662B-30F5-4AD9-A8BC-97E25FA77D50}.Debug|x64.Build.0 = Debug|x64
		{8AF8662B-30F5-4AD9-A8BC-97E25FA77D50}.Release|Any CPU.ActiveCfg = Release|Any CPU
		{8AF8662B-30F5-4AD9-A8BC-97E25FA77D50}.Release|Any CPU.Build.0 = Release|Any CPU
		{8AF8662B-30F5-4AD9-A8BC-97E25FA77D50}.Release|x64.ActiveCfg = Release|x64
		{8AF8662B-30F5-4AD9-A8BC-97E25FA77D50}.Release|x64.Build.0 = Release|x64
	EndGlobalSection
	GlobalSection(SolutionProperties) = preSolution
		HideSolutionNode = FALSE
	EndGlobalSection
	GlobalSection(NestedProjects) = preSolution
		{72C09D8E-6A0E-4C0B-AE90-5516AEBEE5E8} = {4E8A997B-5E3F-4B48-A3EF-80B78E2F71D3}
		{BB67C343-3FB5-4367-9452-9C5C94C8E50B} = {4E8A997B-5E3F-4B48-A3EF-80B78E2F71D3}
		{F9B56E2D-63C1-4205-B00C-85D75765DB1E} = {4E8A997B-5E3F-4B48-A3EF-80B78E2F71D3}
		{00528EA8-C778-45B1-8374-3267C4FDCFC7} = {4E8A997B-5E3F-4B48-A3EF-80B78E2F71D3}
		{09616C8C-FDA1-41C0-9B31-37A39B40FDD0} = {A6F374E7-3BA1-4073-A69F-690CEBE75F70}
		{CFBEBDBC-4277-4D3A-AB87-62C7458189A9} = {A6F374E7-3BA1-4073-A69F-690CEBE75F70}
		{E6FBFD7E-F662-4D86-A12B-8BF1315E907B} = {A6F374E7-3BA1-4073-A69F-690CEBE75F70}
		{E7EF1E9F-F4B1-45C8-A29E-39FB18A0D1FB} = {A6F374E7-3BA1-4073-A69F-690CEBE75F70}
		{8AF8662B-30F5-4AD9-A8BC-97E25FA77D50} = {79610292-1F7B-479C-A1E2-9BE202CF0853}
	EndGlobalSection
	GlobalSection(ExtensibilityGlobals) = postSolution
		SolutionGuid = {ED0DAABF-1339-487E-8227-791AFB4D9C67}
	EndGlobalSection
EndGlobal
